// !$*UTF8*$!
{
	archiveVersion = 1;
	classes = {
	};
	objectVersion = 56;
	objects = {

/* Begin PBXBuildFile section */
		AB9A5A542ACA390C00DFD055 /* AppDelegate.swift in Sources */ = {isa = PBXBuildFile; fileRef = AB9A5A532ACA390C00DFD055 /* AppDelegate.swift */; };
		AB9A5A562ACA390C00DFD055 /* SceneDelegate.swift in Sources */ = {isa = PBXBuildFile; fileRef = AB9A5A552ACA390C00DFD055 /* SceneDelegate.swift */; };
		AB9A5A582ACA390C00DFD055 /* ViewController.swift in Sources */ = {isa = PBXBuildFile; fileRef = AB9A5A572ACA390C00DFD055 /* ViewController.swift */; };
		AB9A5A5B2ACA390C00DFD055 /* Main.storyboard in Resources */ = {isa = PBXBuildFile; fileRef = AB9A5A592ACA390C00DFD055 /* Main.storyboard */; };
		AB9A5A5D2ACA391700DFD055 /* Assets.xcassets in Resources */ = {isa = PBXBuildFile; fileRef = AB9A5A5C2ACA391700DFD055 /* Assets.xcassets */; };
		AB9A5A602ACA391700DFD055 /* LaunchScreen.storyboard in Resources */ = {isa = PBXBuildFile; fileRef = AB9A5A5E2ACA391700DFD055 /* LaunchScreen.storyboard */; };
		AB9A5A6B2ACA391900DFD055 /* WeatherApplicationTests.swift in Sources */ = {isa = PBXBuildFile; fileRef = AB9A5A6A2ACA391900DFD055 /* WeatherApplicationTests.swift */; };
		AB9A5A752ACA391900DFD055 /* WeatherApplicationUITests.swift in Sources */ = {isa = PBXBuildFile; fileRef = AB9A5A742ACA391900DFD055 /* WeatherApplicationUITests.swift */; };
		AB9A5A772ACA391900DFD055 /* WeatherApplicationUITestsLaunchTests.swift in Sources */ = {isa = PBXBuildFile; fileRef = AB9A5A762ACA391900DFD055 /* WeatherApplicationUITestsLaunchTests.swift */; };
		AB9A5A842ACA3A6800DFD055 /* SearchWeatherViewController.swift in Sources */ = {isa = PBXBuildFile; fileRef = AB9A5A832ACA3A6800DFD055 /* SearchWeatherViewController.swift */; };
		AB9A5A862ACA732000DFD055 /* WeatherResponseModel.swift in Sources */ = {isa = PBXBuildFile; fileRef = AB9A5A852ACA732000DFD055 /* WeatherResponseModel.swift */; };
/* End PBXBuildFile section */

/* Begin PBXContainerItemProxy section */
		AB9A5A672ACA391900DFD055 /* PBXContainerItemProxy */ = {
			isa = PBXContainerItemProxy;
			containerPortal = AB9A5A482ACA390B00DFD055 /* Project object */;
			proxyType = 1;
			remoteGlobalIDString = AB9A5A4F2ACA390C00DFD055;
			remoteInfo = WeatherApplication;
		};
		AB9A5A712ACA391900DFD055 /* PBXContainerItemProxy */ = {
			isa = PBXContainerItemProxy;
			containerPortal = AB9A5A482ACA390B00DFD055 /* Project object */;
			proxyType = 1;
			remoteGlobalIDString = AB9A5A4F2ACA390C00DFD055;
			remoteInfo = WeatherApplication;
		};
/* End PBXContainerItemProxy section */

/* Begin PBXFileReference section */
		AB9A5A502ACA390C00DFD055 /* WeatherApplication.app */ = {isa = PBXFileReference; explicitFileType = wrapper.application; includeInIndex = 0; path = WeatherApplication.app; sourceTree = BUILT_PRODUCTS_DIR; };
		AB9A5A532ACA390C00DFD055 /* AppDelegate.swift */ = {isa = PBXFileReference; lastKnownFileType = sourcecode.swift; path = AppDelegate.swift; sourceTree = "<group>"; };
		AB9A5A552ACA390C00DFD055 /* SceneDelegate.swift */ = {isa = PBXFileReference; lastKnownFileType = sourcecode.swift; path = SceneDelegate.swift; sourceTree = "<group>"; };
		AB9A5A572ACA390C00DFD055 /* ViewController.swift */ = {isa = PBXFileReference; lastKnownFileType = sourcecode.swift; path = ViewController.swift; sourceTree = "<group>"; };
		AB9A5A5A2ACA390C00DFD055 /* Base */ = {isa = PBXFileReference; lastKnownFileType = file.storyboard; name = Base; path = Base.lproj/Main.storyboard; sourceTree = "<group>"; };
		AB9A5A5C2ACA391700DFD055 /* Assets.xcassets */ = {isa = PBXFileReference; lastKnownFileType = folder.assetcatalog; path = Assets.xcassets; sourceTree = "<group>"; };
		AB9A5A5F2ACA391700DFD055 /* Base */ = {isa = PBXFileReference; lastKnownFileType = file.storyboard; name = Base; path = Base.lproj/LaunchScreen.storyboard; sourceTree = "<group>"; };
		AB9A5A612ACA391700DFD055 /* Info.plist */ = {isa = PBXFileReference; lastKnownFileType = text.plist.xml; path = Info.plist; sourceTree = "<group>"; };
		AB9A5A662ACA391900DFD055 /* WeatherApplicationTests.xctest */ = {isa = PBXFileReference; explicitFileType = wrapper.cfbundle; includeInIndex = 0; path = WeatherApplicationTests.xctest; sourceTree = BUILT_PRODUCTS_DIR; };
		AB9A5A6A2ACA391900DFD055 /* WeatherApplicationTests.swift */ = {isa = PBXFileReference; lastKnownFileType = sourcecode.swift; path = WeatherApplicationTests.swift; sourceTree = "<group>"; };
		AB9A5A702ACA391900DFD055 /* WeatherApplicationUITests.xctest */ = {isa = PBXFileReference; explicitFileType = wrapper.cfbundle; includeInIndex = 0; path = WeatherApplicationUITests.xctest; sourceTree = BUILT_PRODUCTS_DIR; };
		AB9A5A742ACA391900DFD055 /* WeatherApplicationUITests.swift */ = {isa = PBXFileReference; lastKnownFileType = sourcecode.swift; path = WeatherApplicationUITests.swift; sourceTree = "<group>"; };
		AB9A5A762ACA391900DFD055 /* WeatherApplicationUITestsLaunchTests.swift */ = {isa = PBXFileReference; lastKnownFileType = sourcecode.swift; path = WeatherApplicationUITestsLaunchTests.swift; sourceTree = "<group>"; };
		AB9A5A832ACA3A6800DFD055 /* SearchWeatherViewController.swift */ = {isa = PBXFileReference; lastKnownFileType = sourcecode.swift; path = SearchWeatherViewController.swift; sourceTree = "<group>"; };
		AB9A5A852ACA732000DFD055 /* WeatherResponseModel.swift */ = {isa = PBXFileReference; lastKnownFileType = sourcecode.swift; path = WeatherResponseModel.swift; sourceTree = "<group>"; };
/* End PBXFileReference section */

/* Begin PBXFrameworksBuildPhase section */
		AB9A5A4D2ACA390C00DFD055 /* Frameworks */ = {
			isa = PBXFrameworksBuildPhase;
			buildActionMask = 2147483647;
			files = (
			);
			runOnlyForDeploymentPostprocessing = 0;
		};
		AB9A5A632ACA391900DFD055 /* Frameworks */ = {
			isa = PBXFrameworksBuildPhase;
			buildActionMask = 2147483647;
			files = (
			);
			runOnlyForDeploymentPostprocessing = 0;
		};
		AB9A5A6D2ACA391900DFD055 /* Frameworks */ = {
			isa = PBXFrameworksBuildPhase;
			buildActionMask = 2147483647;
			files = (
			);
			runOnlyForDeploymentPostprocessing = 0;
		};
/* End PBXFrameworksBuildPhase section */

/* Begin PBXGroup section */
		AB9A5A472ACA390B00DFD055 = {
			isa = PBXGroup;
			children = (
				AB9A5A522ACA390C00DFD055 /* WeatherApplication */,
				AB9A5A692ACA391900DFD055 /* WeatherApplicationTests */,
				AB9A5A732ACA391900DFD055 /* WeatherApplicationUITests */,
				AB9A5A512ACA390C00DFD055 /* Products */,
			);
			sourceTree = "<group>";
		};
		AB9A5A512ACA390C00DFD055 /* Products */ = {
			isa = PBXGroup;
			children = (
				AB9A5A502ACA390C00DFD055 /* WeatherApplication.app */,
				AB9A5A662ACA391900DFD055 /* WeatherApplicationTests.xctest */,
				AB9A5A702ACA391900DFD055 /* WeatherApplicationUITests.xctest */,
			);
			name = Products;
			sourceTree = "<group>";
		};
		AB9A5A522ACA390C00DFD055 /* WeatherApplication */ = {
			isa = PBXGroup;
			children = (
				AB9A5A852ACA732000DFD055 /* WeatherResponseModel.swift */,
				AB9A5A832ACA3A6800DFD055 /* SearchWeatherViewController.swift */,
				AB9A5A532ACA390C00DFD055 /* AppDelegate.swift */,
				AB9A5A552ACA390C00DFD055 /* SceneDelegate.swift */,
				AB9A5A572ACA390C00DFD055 /* ViewController.swift */,
				AB9A5A592ACA390C00DFD055 /* Main.storyboard */,
				AB9A5A5C2ACA391700DFD055 /* Assets.xcassets */,
				AB9A5A5E2ACA391700DFD055 /* LaunchScreen.storyboard */,
				AB9A5A612ACA391700DFD055 /* Info.plist */,
			);
			path = WeatherApplication;
			sourceTree = "<group>";
		};
		AB9A5A692ACA391900DFD055 /* WeatherApplicationTests */ = {
			isa = PBXGroup;
			children = (
				AB9A5A6A2ACA391900DFD055 /* WeatherApplicationTests.swift */,
			);
			path = WeatherApplicationTests;
			sourceTree = "<group>";
		};
		AB9A5A732ACA391900DFD055 /* WeatherApplicationUITests */ = {
			isa = PBXGroup;
			children = (
				AB9A5A742ACA391900DFD055 /* WeatherApplicationUITests.swift */,
				AB9A5A762ACA391900DFD055 /* WeatherApplicationUITestsLaunchTests.swift */,
			);
			path = WeatherApplicationUITests;
			sourceTree = "<group>";
		};
/* End PBXGroup section */

/* Begin PBXNativeTarget section */
		AB9A5A4F2ACA390C00DFD055 /* WeatherApplication */ = {
			isa = PBXNativeTarget;
			buildConfigurationList = AB9A5A7A2ACA391900DFD055 /* Build configuration list for PBXNativeTarget "WeatherApplication" */;
			buildPhases = (
				AB9A5A4C2ACA390C00DFD055 /* Sources */,
				AB9A5A4D2ACA390C00DFD055 /* Frameworks */,
				AB9A5A4E2ACA390C00DFD055 /* Resources */,
			);
			buildRules = (
			);
			dependencies = (
			);
			name = WeatherApplication;
			productName = WeatherApplication;
			productReference = AB9A5A502ACA390C00DFD055 /* WeatherApplication.app */;
			productType = "com.apple.product-type.application";
		};
		AB9A5A652ACA391900DFD055 /* WeatherApplicationTests */ = {
			isa = PBXNativeTarget;
			buildConfigurationList = AB9A5A7D2ACA391900DFD055 /* Build configuration list for PBXNativeTarget "WeatherApplicationTests" */;
			buildPhases = (
				AB9A5A622ACA391900DFD055 /* Sources */,
				AB9A5A632ACA391900DFD055 /* Frameworks */,
				AB9A5A642ACA391900DFD055 /* Resources */,
			);
			buildRules = (
			);
			dependencies = (
				AB9A5A682ACA391900DFD055 /* PBXTargetDependency */,
			);
			name = WeatherApplicationTests;
			productName = WeatherApplicationTests;
			productReference = AB9A5A662ACA391900DFD055 /* WeatherApplicationTests.xctest */;
			productType = "com.apple.product-type.bundle.unit-test";
		};
		AB9A5A6F2ACA391900DFD055 /* WeatherApplicationUITests */ = {
			isa = PBXNativeTarget;
			buildConfigurationList = AB9A5A802ACA391900DFD055 /* Build configuration list for PBXNativeTarget "WeatherApplicationUITests" */;
			buildPhases = (
				AB9A5A6C2ACA391900DFD055 /* Sources */,
				AB9A5A6D2ACA391900DFD055 /* Frameworks */,
				AB9A5A6E2ACA391900DFD055 /* Resources */,
			);
			buildRules = (
			);
			dependencies = (
				AB9A5A722ACA391900DFD055 /* PBXTargetDependency */,
			);
			name = WeatherApplicationUITests;
			productName = WeatherApplicationUITests;
			productReference = AB9A5A702ACA391900DFD055 /* WeatherApplicationUITests.xctest */;
			productType = "com.apple.product-type.bundle.ui-testing";
		};
/* End PBXNativeTarget section */

/* Begin PBXProject section */
		AB9A5A482ACA390B00DFD055 /* Project object */ = {
			isa = PBXProject;
			attributes = {
				BuildIndependentTargetsInParallel = 1;
				LastSwiftUpdateCheck = 1500;
				LastUpgradeCheck = 1500;
				TargetAttributes = {
					AB9A5A4F2ACA390C00DFD055 = {
						CreatedOnToolsVersion = 15.0;
					};
					AB9A5A652ACA391900DFD055 = {
						CreatedOnToolsVersion = 15.0;
						TestTargetID = AB9A5A4F2ACA390C00DFD055;
					};
					AB9A5A6F2ACA391900DFD055 = {
						CreatedOnToolsVersion = 15.0;
						TestTargetID = AB9A5A4F2ACA390C00DFD055;
					};
				};
			};
			buildConfigurationList = AB9A5A4B2ACA390B00DFD055 /* Build configuration list for PBXProject "WeatherApplication" */;
			compatibilityVersion = "Xcode 14.0";
			developmentRegion = en;
			hasScannedForEncodings = 0;
			knownRegions = (
				en,
				Base,
			);
			mainGroup = AB9A5A472ACA390B00DFD055;
			productRefGroup = AB9A5A512ACA390C00DFD055 /* Products */;
			projectDirPath = "";
			projectRoot = "";
			targets = (
				AB9A5A4F2ACA390C00DFD055 /* WeatherApplication */,
				AB9A5A652ACA391900DFD055 /* WeatherApplicationTests */,
				AB9A5A6F2ACA391900DFD055 /* WeatherApplicationUITests */,
			);
		};
/* End PBXProject section */

/* Begin PBXResourcesBuildPhase section */
		AB9A5A4E2ACA390C00DFD055 /* Resources */ = {
			isa = PBXResourcesBuildPhase;
			buildActionMask = 2147483647;
			files = (
				AB9A5A602ACA391700DFD055 /* LaunchScreen.storyboard in Resources */,
				AB9A5A5D2ACA391700DFD055 /* Assets.xcassets in Resources */,
				AB9A5A5B2ACA390C00DFD055 /* Main.storyboard in Resources */,
			);
			runOnlyForDeploymentPostprocessing = 0;
		};
		AB9A5A642ACA391900DFD055 /* Resources */ = {
			isa = PBXResourcesBuildPhase;
			buildActionMask = 2147483647;
			files = (
			);
			runOnlyForDeploymentPostprocessing = 0;
		};
		AB9A5A6E2ACA391900DFD055 /* Resources */ = {
			isa = PBXResourcesBuildPhase;
			buildActionMask = 2147483647;
			files = (
			);
			runOnlyForDeploymentPostprocessing = 0;
		};
/* End PBXResourcesBuildPhase section */

/* Begin PBXSourcesBuildPhase section */
		AB9A5A4C2ACA390C00DFD055 /* Sources */ = {
			isa = PBXSourcesBuildPhase;
			buildActionMask = 2147483647;
			files = (
				AB9A5A582ACA390C00DFD055 /* ViewController.swift in Sources */,
				AB9A5A542ACA390C00DFD055 /* AppDelegate.swift in Sources */,
				AB9A5A562ACA390C00DFD055 /* SceneDelegate.swift in Sources */,
				AB9A5A862ACA732000DFD055 /* WeatherResponseModel.swift in Sources */,
				AB9A5A842ACA3A6800DFD055 /* SearchWeatherViewController.swift in Sources */,
			);
			runOnlyForDeploymentPostprocessing = 0;
		};
		AB9A5A622ACA391900DFD055 /* Sources */ = {
			isa = PBXSourcesBuildPhase;
			buildActionMask = 2147483647;
			files = (
				AB9A5A6B2ACA391900DFD055 /* WeatherApplicationTests.swift in Sources */,
			);
			runOnlyForDeploymentPostprocessing = 0;
		};
		AB9A5A6C2ACA391900DFD055 /* Sources */ = {
			isa = PBXSourcesBuildPhase;
			buildActionMask = 2147483647;
			files = (
				AB9A5A772ACA391900DFD055 /* WeatherApplicationUITestsLaunchTests.swift in Sources */,
				AB9A5A752ACA391900DFD055 /* WeatherApplicationUITests.swift in Sources */,
			);
			runOnlyForDeploymentPostprocessing = 0;
		};
/* End PBXSourcesBuildPhase section */

/* Begin PBXTargetDependency section */
		AB9A5A682ACA391900DFD055 /* PBXTargetDependency */ = {
			isa = PBXTargetDependency;
			target = AB9A5A4F2ACA390C00DFD055 /* WeatherApplication */;
			targetProxy = AB9A5A672ACA391900DFD055 /* PBXContainerItemProxy */;
		};
		AB9A5A722ACA391900DFD055 /* PBXTargetDependency */ = {
			isa = PBXTargetDependency;
			target = AB9A5A4F2ACA390C00DFD055 /* WeatherApplication */;
			targetProxy = AB9A5A712ACA391900DFD055 /* PBXContainerItemProxy */;
		};
/* End PBXTargetDependency section */

/* Begin PBXVariantGroup section */
		AB9A5A592ACA390C00DFD055 /* Main.storyboard */ = {
			isa = PBXVariantGroup;
			children = (
				AB9A5A5A2ACA390C00DFD055 /* Base */,
			);
			name = Main.storyboard;
			sourceTree = "<group>";
		};
		AB9A5A5E2ACA391700DFD055 /* LaunchScreen.storyboard */ = {
			isa = PBXVariantGroup;
			children = (
				AB9A5A5F2ACA391700DFD055 /* Base */,
			);
			name = LaunchScreen.storyboard;
			sourceTree = "<group>";
		};
/* End PBXVariantGroup section */

/* Begin XCBuildConfiguration section */
		AB9A5A782ACA391900DFD055 /* Debug */ = {
			isa = XCBuildConfiguration;
			buildSettings = {
				ALWAYS_SEARCH_USER_PATHS = NO;
				ASSETCATALOG_COMPILER_GENERATE_SWIFT_ASSET_SYMBOL_EXTENSIONS = YES;
				CLANG_ANALYZER_NONNULL = YES;
				CLANG_ANALYZER_NUMBER_OBJECT_CONVERSION = YES_AGGRESSIVE;
				CLANG_CXX_LANGUAGE_STANDARD = "gnu++20";
				CLANG_ENABLE_MODULES = YES;
				CLANG_ENABLE_OBJC_ARC = YES;
				CLANG_ENABLE_OBJC_WEAK = YES;
				CLANG_WARN_BLOCK_CAPTURE_AUTORELEASING = YES;
				CLANG_WARN_BOOL_CONVERSION = YES;
				CLANG_WARN_COMMA = YES;
				CLANG_WARN_CONSTANT_CONVERSION = YES;
				CLANG_WARN_DEPRECATED_OBJC_IMPLEMENTATIONS = YES;
				CLANG_WARN_DIRECT_OBJC_ISA_USAGE = YES_ERROR;
				CLANG_WARN_DOCUMENTATION_COMMENTS = YES;
				CLANG_WARN_EMPTY_BODY = YES;
				CLANG_WARN_ENUM_CONVERSION = YES;
				CLANG_WARN_INFINITE_RECURSION = YES;
				CLANG_WARN_INT_CONVERSION = YES;
				CLANG_WARN_NON_LITERAL_NULL_CONVERSION = YES;
				CLANG_WARN_OBJC_IMPLICIT_RETAIN_SELF = YES;
				CLANG_WARN_OBJC_LITERAL_CONVERSION = YES;
				CLANG_WARN_OBJC_ROOT_CLASS = YES_ERROR;
				CLANG_WARN_QUOTED_INCLUDE_IN_FRAMEWORK_HEADER = YES;
				CLANG_WARN_RANGE_LOOP_ANALYSIS = YES;
				CLANG_WARN_STRICT_PROTOTYPES = YES;
				CLANG_WARN_SUSPICIOUS_MOVE = YES;
				CLANG_WARN_UNGUARDED_AVAILABILITY = YES_AGGRESSIVE;
				CLANG_WARN_UNREACHABLE_CODE = YES;
				CLANG_WARN__DUPLICATE_METHOD_MATCH = YES;
				COPY_PHASE_STRIP = NO;
				DEBUG_INFORMATION_FORMAT = dwarf;
				ENABLE_STRICT_OBJC_MSGSEND = YES;
				ENABLE_TESTABILITY = YES;
				ENABLE_USER_SCRIPT_SANDBOXING = YES;
				GCC_C_LANGUAGE_STANDARD = gnu17;
				GCC_DYNAMIC_NO_PIC = NO;
				GCC_NO_COMMON_BLOCKS = YES;
				GCC_OPTIMIZATION_LEVEL = 0;
				GCC_PREPROCESSOR_DEFINITIONS = (
					"DEBUG=1",
					"$(inherited)",
				);
				GCC_WARN_64_TO_32_BIT_CONVERSION = YES;
				GCC_WARN_ABOUT_RETURN_TYPE = YES_ERROR;
				GCC_WARN_UNDECLARED_SELECTOR = YES;
				GCC_WARN_UNINITIALIZED_AUTOS = YES_AGGRESSIVE;
				GCC_WARN_UNUSED_FUNCTION = YES;
				GCC_WARN_UNUSED_VARIABLE = YES;
				IPHONEOS_DEPLOYMENT_TARGET = 17.0;
				LOCALIZATION_PREFERS_STRING_CATALOGS = YES;
				MTL_ENABLE_DEBUG_INFO = INCLUDE_SOURCE;
				MTL_FAST_MATH = YES;
				ONLY_ACTIVE_ARCH = YES;
				SDKROOT = iphoneos;
				SWIFT_ACTIVE_COMPILATION_CONDITIONS = "DEBUG $(inherited)";
				SWIFT_OPTIMIZATION_LEVEL = "-Onone";
			};
			name = Debug;
		};
		AB9A5A792ACA391900DFD055 /* Release */ = {
			isa = XCBuildConfiguration;
			buildSettings = {
				ALWAYS_SEARCH_USER_PATHS = NO;
				ASSETCATALOG_COMPILER_GENERATE_SWIFT_ASSET_SYMBOL_EXTENSIONS = YES;
				CLANG_ANALYZER_NONNULL = YES;
				CLANG_ANALYZER_NUMBER_OBJECT_CONVERSION = YES_AGGRESSIVE;
				CLANG_CXX_LANGUAGE_STANDARD = "gnu++20";
				CLANG_ENABLE_MODULES = YES;
				CLANG_ENABLE_OBJC_ARC = YES;
				CLANG_ENABLE_OBJC_WEAK = YES;
				CLANG_WARN_BLOCK_CAPTURE_AUTORELEASING = YES;
				CLANG_WARN_BOOL_CONVERSION = YES;
				CLANG_WARN_COMMA = YES;
				CLANG_WARN_CONSTANT_CONVERSION = YES;
				CLANG_WARN_DEPRECATED_OBJC_IMPLEMENTATIONS = YES;
				CLANG_WARN_DIRECT_OBJC_ISA_USAGE = YES_ERROR;
				CLANG_WARN_DOCUMENTATION_COMMENTS = YES;
				CLANG_WARN_EMPTY_BODY = YES;
				CLANG_WARN_ENUM_CONVERSION = YES;
				CLANG_WARN_INFINITE_RECURSION = YES;
				CLANG_WARN_INT_CONVERSION = YES;
				CLANG_WARN_NON_LITERAL_NULL_CONVERSION = YES;
				CLANG_WARN_OBJC_IMPLICIT_RETAIN_SELF = YES;
				CLANG_WARN_OBJC_LITERAL_CONVERSION = YES;
				CLANG_WARN_OBJC_ROOT_CLASS = YES_ERROR;
				CLANG_WARN_QUOTED_INCLUDE_IN_FRAMEWORK_HEADER = YES;
				CLANG_WARN_RANGE_LOOP_ANALYSIS = YES;
				CLANG_WARN_STRICT_PROTOTYPES = YES;
				CLANG_WARN_SUSPICIOUS_MOVE = YES;
				CLANG_WARN_UNGUARDED_AVAILABILITY = YES_AGGRESSIVE;
				CLANG_WARN_UNREACHABLE_CODE = YES;
				CLANG_WARN__DUPLICATE_METHOD_MATCH = YES;
				COPY_PHASE_STRIP = NO;
				DEBUG_INFORMATION_FORMAT = "dwarf-with-dsym";
				ENABLE_NS_ASSERTIONS = NO;
				ENABLE_STRICT_OBJC_MSGSEND = YES;
				ENABLE_USER_SCRIPT_SANDBOXING = YES;
				GCC_C_LANGUAGE_STANDARD = gnu17;
				GCC_NO_COMMON_BLOCKS = YES;
				GCC_WARN_64_TO_32_BIT_CONVERSION = YES;
				GCC_WARN_ABOUT_RETURN_TYPE = YES_ERROR;
				GCC_WARN_UNDECLARED_SELECTOR = YES;
				GCC_WARN_UNINITIALIZED_AUTOS = YES_AGGRESSIVE;
				GCC_WARN_UNUSED_FUNCTION = YES;
				GCC_WARN_UNUSED_VARIABLE = YES;
				IPHONEOS_DEPLOYMENT_TARGET = 17.0;
				LOCALIZATION_PREFERS_STRING_CATALOGS = YES;
				MTL_ENABLE_DEBUG_INFO = NO;
				MTL_FAST_MATH = YES;
				SDKROOT = iphoneos;
				SWIFT_COMPILATION_MODE = wholemodule;
				VALIDATE_PRODUCT = YES;
			};
			name = Release;
		};
		AB9A5A7B2ACA391900DFD055 /* Debug */ = {
			isa = XCBuildConfiguration;
			buildSettings = {
				ASSETCATALOG_COMPILER_APPICON_NAME = AppIcon;
				ASSETCATALOG_COMPILER_GLOBAL_ACCENT_COLOR_NAME = AccentColor;
				CODE_SIGN_STYLE = Automatic;
				CURRENT_PROJECT_VERSION = 1;
				DEVELOPMENT_TEAM = J25MC8KY9N;
				GENERATE_INFOPLIST_FILE = YES;
				INFOPLIST_FILE = WeatherApplication/Info.plist;
				INFOPLIST_KEY_UIApplicationSupportsIndirectInputEvents = YES;
				INFOPLIST_KEY_UILaunchStoryboardName = LaunchScreen;
				INFOPLIST_KEY_UIMainStoryboardFile = Main;
				INFOPLIST_KEY_UISupportedInterfaceOrientations_iPad = "UIInterfaceOrientationPortrait UIInterfaceOrientationPortraitUpsideDown UIInterfaceOrientationLandscapeLeft UIInterfaceOrientationLandscapeRight";
				INFOPLIST_KEY_UISupportedInterfaceOrientations_iPhone = "UIInterfaceOrientationPortrait UIInterfaceOrientationLandscapeLeft UIInterfaceOrientationLandscapeRight";
				LD_RUNPATH_SEARCH_PATHS = (
					"$(inherited)",
					"@executable_path/Frameworks",
				);
				MARKETING_VERSION = 1.0;
				PRODUCT_BUNDLE_IDENTIFIER = ashton.WeatherApplication;
				PRODUCT_NAME = "$(TARGET_NAME)";
				SWIFT_EMIT_LOC_STRINGS = YES;
				SWIFT_VERSION = 5.0;
				TARGETED_DEVICE_FAMILY = "1,2";
			};
			name = Debug;
		};
		AB9A5A7C2ACA391900DFD055 /* Release */ = {
			isa = XCBuildConfiguration;
			buildSettings = {
				ASSETCATALOG_COMPILER_APPICON_NAME = AppIcon;
				ASSETCATALOG_COMPILER_GLOBAL_ACCENT_COLOR_NAME = AccentColor;
				CODE_SIGN_STYLE = Automatic;
				CURRENT_PROJECT_VERSION = 1;
				DEVELOPMENT_TEAM = J25MC8KY9N;
				GENERATE_INFOPLIST_FILE = YES;
				INFOPLIST_FILE = WeatherApplication/Info.plist;
				INFOPLIST_KEY_UIApplicationSupportsIndirectInputEvents = YES;
				INFOPLIST_KEY_UILaunchStoryboardName = LaunchScreen;
				INFOPLIST_KEY_UIMainStoryboardFile = Main;
				INFOPLIST_KEY_UISupportedInterfaceOrientations_iPad = "UIInterfaceOrientationPortrait UIInterfaceOrientationPortraitUpsideDown UIInterfaceOrientationLandscapeLeft UIInterfaceOrientationLandscapeRight";
				INFOPLIST_KEY_UISupportedInterfaceOrientations_iPhone = "UIInterfaceOrientationPortrait UIInterfaceOrientationLandscapeLeft UIInterfaceOrientationLandscapeRight";
				LD_RUNPATH_SEARCH_PATHS = (
					"$(inherited)",
					"@executable_path/Frameworks",
				);
				MARKETING_VERSION = 1.0;
				PRODUCT_BUNDLE_IDENTIFIER = ashton.WeatherApplication;
				PRODUCT_NAME = "$(TARGET_NAME)";
				SWIFT_EMIT_LOC_STRINGS = YES;
				SWIFT_VERSION = 5.0;
				TARGETED_DEVICE_FAMILY = "1,2";
			};
			name = Release;
		};
		AB9A5A7E2ACA391900DFD055 /* Debug */ = {
			isa = XCBuildConfiguration;
			buildSettings = {
				ALWAYS_EMBED_SWIFT_STANDARD_LIBRARIES = YES;
				BUNDLE_LOADER = "$(TEST_HOST)";
				CODE_SIGN_STYLE = Automatic;
				CURRENT_PROJECT_VERSION = 1;
				DEVELOPMENT_TEAM = J25MC8KY9N;
				GENERATE_INFOPLIST_FILE = YES;
				IPHONEOS_DEPLOYMENT_TARGET = 17.0;
				MARKETING_VERSION = 1.0;
				PRODUCT_BUNDLE_IDENTIFIER = ashton.WeatherApplicationTests;
				PRODUCT_NAME = "$(TARGET_NAME)";
				SWIFT_EMIT_LOC_STRINGS = NO;
				SWIFT_VERSION = 5.0;
				TARGETED_DEVICE_FAMILY = "1,2";
				TEST_HOST = "$(BUILT_PRODUCTS_DIR)/WeatherApplication.app/$(BUNDLE_EXECUTABLE_FOLDER_PATH)/WeatherApplication";
			};
			name = Debug;
		};
		AB9A5A7F2ACA391900DFD055 /* Release */ = {
			isa = XCBuildConfiguration;
			buildSettings = {
				ALWAYS_EMBED_SWIFT_STANDARD_LIBRARIES = YES;
				BUNDLE_LOADER = "$(TEST_HOST)";
				CODE_SIGN_STYLE = Automatic;
				CURRENT_PROJECT_VERSION = 1;
				DEVELOPMENT_TEAM = J25MC8KY9N;
				GENERATE_INFOPLIST_FILE = YES;
				IPHONEOS_DEPLOYMENT_TARGET = 17.0;
				MARKETING_VERSION = 1.0;
				PRODUCT_BUNDLE_IDENTIFIER = ashton.WeatherApplicationTests;
				PRODUCT_NAME = "$(TARGET_NAME)";
				SWIFT_EMIT_LOC_STRINGS = NO;
				SWIFT_VERSION = 5.0;
				TARGETED_DEVICE_FAMILY = "1,2";
				TEST_HOST = "$(BUILT_PRODUCTS_DIR)/WeatherApplication.app/$(BUNDLE_EXECUTABLE_FOLDER_PATH)/WeatherApplication";
			};
			name = Release;
		};
		AB9A5A812ACA391900DFD055 /* Debug */ = {
			isa = XCBuildConfiguration;
			buildSettings = {
				ALWAYS_EMBED_SWIFT_STANDARD_LIBRARIES = YES;
				CODE_SIGN_STYLE = Automatic;
				CURRENT_PROJECT_VERSION = 1;
				DEVELOPMENT_TEAM = J25MC8KY9N;
				GENERATE_INFOPLIST_FILE = YES;
				MARKETING_VERSION = 1.0;
				PRODUCT_BUNDLE_IDENTIFIER = ashton.WeatherApplicationUITests;
				PRODUCT_NAME = "$(TARGET_NAME)";
				SWIFT_EMIT_LOC_STRINGS = NO;
				SWIFT_VERSION = 5.0;
				TARGETED_DEVICE_FAMILY = "1,2";
				TEST_TARGET_NAME = WeatherApplication;
			};
			name = Debug;
		};
		AB9A5A822ACA391900DFD055 /* Release */ = {
			isa = XCBuildConfiguration;
			buildSettings = {
				ALWAYS_EMBED_SWIFT_STANDARD_LIBRARIES = YES;
				CODE_SIGN_STYLE = Automatic;
				CURRENT_PROJECT_VERSION = 1;
				DEVELOPMENT_TEAM = J25MC8KY9N;
				GENERATE_INFOPLIST_FILE = YES;
				MARKETING_VERSION = 1.0;
				PRODUCT_BUNDLE_IDENTIFIER = ashton.WeatherApplicationUITests;
				PRODUCT_NAME = "$(TARGET_NAME)";
				SWIFT_EMIT_LOC_STRINGS = NO;
				SWIFT_VERSION = 5.0;
				TARGETED_DEVICE_FAMILY = "1,2";
				TEST_TARGET_NAME = WeatherApplication;
			};
			name = Release;
		};
/* End XCBuildConfiguration section */

/* Begin XCConfigurationList section */
		AB9A5A4B2ACA390B00DFD055 /* Build configuration list for PBXProject "WeatherApplication" */ = {
			isa = XCConfigurationList;
			buildConfigurations = (
				AB9A5A782ACA391900DFD055 /* Debug */,
				AB9A5A792ACA391900DFD055 /* Release */,
			);
			defaultConfigurationIsVisible = 0;
			defaultConfigurationName = Release;
		};
		AB9A5A7A2ACA391900DFD055 /* Build configuration list for PBXNativeTarget "WeatherApplication" */ = {
			isa = XCConfigurationList;
			buildConfigurations = (
				AB9A5A7B2ACA391900DFD055 /* Debug */,
				AB9A5A7C2ACA391900DFD055 /* Release */,
			);
			defaultConfigurationIsVisible = 0;
			defaultConfigurationName = Release;
		};
		AB9A5A7D2ACA391900DFD055 /* Build configuration list for PBXNativeTarget "WeatherApplicationTests" */ = {
			isa = XCConfigurationList;
			buildConfigurations = (
				AB9A5A7E2ACA391900DFD055 /* Debug */,
				AB9A5A7F2ACA391900DFD055 /* Release */,
			);
			defaultConfigurationIsVisible = 0;
			defaultConfigurationName = Release;
		};
		AB9A5A802ACA391900DFD055 /* Build configuration list for PBXNativeTarget "WeatherApplicationUITests" */ = {
			isa = XCConfigurationList;
			buildConfigurations = (
				AB9A5A812ACA391900DFD055 /* Debug */,
				AB9A5A822ACA391900DFD055 /* Release */,
			);
			defaultConfigurationIsVisible = 0;
			defaultConfigurationName = Release;
		};
/* End XCConfigurationList section */
	};
	rootObject = AB9A5A482ACA390B00DFD055 /* Project object */;
}
